
Microsoft Visual Studio Solution File, Format Version 12.00
# Visual Studio Version 16
VisualStudioVersion = 16.0.30128.74
MinimumVisualStudioVersion = 10.0.40219.1
Project("{9A19103F-16F7-4668-BE54-9A1E7A4F7556}") = "LightShotProject", "LighshotProject\LightShotProject.csproj", "{9C6766CD-7F0C-45AD-B580-DA5266E878EF}"
EndProject
Project("{FAE04EC0-301F-11D3-BF4B-00C04F79EFBC}") = "LighshotProject.Tests", "LighshotProject.Tests\LighshotProject.Tests.csproj", "{C74AC2AE-49E4-4ED5-AA8A-8B08E5B44676}"
	ProjectSection(ProjectDependencies) = postProject
		{9C6766CD-7F0C-45AD-B580-DA5266E878EF} = {9C6766CD-7F0C-45AD-B580-DA5266E878EF}
	EndProjectSection
EndProject
Global
	GlobalSection(SolutionConfigurationPlatforms) = preSolution
		Debug|Any CPU = Debug|Any CPU
		Release|Any CPU = Release|Any CPU
	EndGlobalSection
	GlobalSection(ProjectConfigurationPlatforms) = postSolution
		{9C6766CD-7F0C-45AD-B580-DA5266E878EF}.Debug|Any CPU.ActiveCfg = Debug|Any CPU
		{9C6766CD-7F0C-45AD-B580-DA5266E878EF}.Debug|Any CPU.Build.0 = Debug|Any CPU
		{9C6766CD-7F0C-45AD-B580-DA5266E878EF}.Release|Any CPU.ActiveCfg = Release|Any CPU
		{9C6766CD-7F0C-45AD-B580-DA5266E878EF}.Release|Any CPU.Build.0 = Release|Any CPU
		{C74AC2AE-49E4-4ED5-AA8A-8B08E5B44676}.Debug|Any CPU.ActiveCfg = Debug|Any CPU
		{C74AC2AE-49E4-4ED5-AA8A-8B08E5B44676}.Debug|Any CPU.Build.0 = Debug|Any CPU
		{C74AC2AE-49E4-4ED5-AA8A-8B08E5B44676}.Release|Any CPU.ActiveCfg = Release|Any CPU
		{C74AC2AE-49E4-4ED5-AA8A-8B08E5B44676}.Release|Any CPU.Build.0 = Release|Any CPU
	EndGlobalSection
	GlobalSection(SolutionProperties) = preSolution
		HideSolutionNode = FALSE
	EndGlobalSection
	GlobalSection(ExtensibilityGlobals) = postSolution
		SolutionGuid = {B8552CF4-C46B-4100-AB94-6D42635CB8FD}
	EndGlobalSection
EndGlobal
